
Microsoft Visual Studio Solution File, Format Version 12.00
# Visual Studio Version 17
VisualStudioVersion = 17.14.36414.22 d17.14
MinimumVisualStudioVersion = 10.0.40219.1
Project("{8BC9CEB8-8B4A-11D0-8D11-00A0C91BC942}") = "11.5 laba", "11.5 laba.vcxproj", "{95432B4F-BED7-4CB1-B565-33CEBD4CE90E}"
EndProject
Global
	GlobalSection(SolutionConfigurationPlatforms) = preSolution
		Debug|x64 = Debug|x64
		Debug|x86 = Debug|x86
		Release|x64 = Release|x64
		Release|x86 = Release|x86
	EndGlobalSection
	GlobalSection(ProjectConfigurationPlatforms) = postSolution
		{95432B4F-BED7-4CB1-B565-33CEBD4CE90E}.Debug|x64.ActiveCfg = Debug|x64
		{95432B4F-BED7-4CB1-B565-33CEBD4CE90E}.Debug|x64.Build.0 = Debug|x64
		{95432B4F-BED7-4CB1-B565-33CEBD4CE90E}.Debug|x86.ActiveCfg = Debug|Win32
		{95432B4F-BED7-4CB1-B565-33CEBD4CE90E}.Debug|x86.Build.0 = Debug|Win32
		{95432B4F-BED7-4CB1-B565-33CEBD4CE90E}.Release|x64.ActiveCfg = Release|x64
		{95432B4F-BED7-4CB1-B565-33CEBD4CE90E}.Release|x64.Build.0 = Release|x64
		{95432B4F-BED7-4CB1-B565-33CEBD4CE90E}.Release|x86.ActiveCfg = Release|Win32
		{95432B4F-BED7-4CB1-B565-33CEBD4CE90E}.Release|x86.Build.0 = Release|Win32
	EndGlobalSection
	GlobalSection(SolutionProperties) = preSolution
		HideSolutionNode = FALSE
	EndGlobalSection
	GlobalSection(ExtensibilityGlobals) = postSolution
		SolutionGuid = {ED41BD78-B272-4D60-85BB-1E8553E1D522}
	EndGlobalSection
EndGlobal
